
Microsoft Visual Studio Solution File, Format Version 12.00
# Visual Studio 15
VisualStudioVersion = 15.0.28307.168
MinimumVisualStudioVersion = 10.0.40219.1
Project("{6EC3EE1D-3C4E-46DD-8F32-0CC8E7565705}") = "ConsoleApp1", "ConsoleApp1.fsproj", "{6E177564-B4B2-41DB-B504-EEF90E446771}"
EndProject
Global
	GlobalSection(SolutionConfigurationPlatforms) = preSolution
		Debug|Any CPU = Debug|Any CPU
		Release|Any CPU = Release|Any CPU
	EndGlobalSection
	GlobalSection(ProjectConfigurationPlatforms) = postSolution
		{6E177564-B4B2-41DB-B504-EEF90E446771}.Debug|Any CPU.ActiveCfg = Debug|Any CPU
		{6E177564-B4B2-41DB-B504-EEF90E446771}.Debug|Any CPU.Build.0 = Debug|Any CPU
		{6E177564-B4B2-41DB-B504-EEF90E446771}.Release|Any CPU.ActiveCfg = Release|Any CPU
		{6E177564-B4B2-41DB-B504-EEF90E446771}.Release|Any CPU.Build.0 = Release|Any CPU
	EndGlobalSection
	GlobalSection(SolutionProperties) = preSolution
		HideSolutionNode = FALSE
	EndGlobalSection
	GlobalSection(ExtensibilityGlobals) = postSolution
		SolutionGuid = {A6E46089-2B76-4D70-82D4-FB43D00FAFCE}
	EndGlobalSection
EndGlobal
